// !$*UTF8*$!
{
	archiveVersion = 1;
	classes = {
	};
	objectVersion = 50;
	objects = {

/* Begin PBXBuildFile section */
		7FBD3388211F78CB00295C4F /* AppDelegate.swift in Sources */ = {isa = PBXBuildFile; fileRef = 7FBD3387211F78CB00295C4F /* AppDelegate.swift */; };
		7FBD338A211F78CB00295C4F /* GameScene.sks in Resources */ = {isa = PBXBuildFile; fileRef = 7FBD3389211F78CB00295C4F /* GameScene.sks */; };
		7FBD338C211F78CB00295C4F /* Actions.sks in Resources */ = {isa = PBXBuildFile; fileRef = 7FBD338B211F78CB00295C4F /* Actions.sks */; };
		7FBD338E211F78CB00295C4F /* GameScene.swift in Sources */ = {isa = PBXBuildFile; fileRef = 7FBD338D211F78CB00295C4F /* GameScene.swift */; };
		7FBD3390211F78CB00295C4F /* GameViewController.swift in Sources */ = {isa = PBXBuildFile; fileRef = 7FBD338F211F78CB00295C4F /* GameViewController.swift */; };
		7FBD3393211F78CB00295C4F /* Main.storyboard in Resources */ = {isa = PBXBuildFile; fileRef = 7FBD3391211F78CB00295C4F /* Main.storyboard */; };
		7FBD3395211F78CF00295C4F /* Assets.xcassets in Resources */ = {isa = PBXBuildFile; fileRef = 7FBD3394211F78CF00295C4F /* Assets.xcassets */; };
		7FBD3398211F78CF00295C4F /* LaunchScreen.storyboard in Resources */ = {isa = PBXBuildFile; fileRef = 7FBD3396211F78CF00295C4F /* LaunchScreen.storyboard */; };
		7FBD33A3211F78CF00295C4F /* FlappyBirdTests.swift in Sources */ = {isa = PBXBuildFile; fileRef = 7FBD33A2211F78CF00295C4F /* FlappyBirdTests.swift */; };
		7FBD33AE211F78CF00295C4F /* FlappyBirdUITests.swift in Sources */ = {isa = PBXBuildFile; fileRef = 7FBD33AD211F78CF00295C4F /* FlappyBirdUITests.swift */; };
/* End PBXBuildFile section */

/* Begin PBXContainerItemProxy section */
		7FBD339F211F78CF00295C4F /* PBXContainerItemProxy */ = {
			isa = PBXContainerItemProxy;
			containerPortal = 7FBD337C211F78CA00295C4F /* Project object */;
			proxyType = 1;
			remoteGlobalIDString = 7FBD3383211F78CB00295C4F;
			remoteInfo = FlappyBird;
		};
		7FBD33AA211F78CF00295C4F /* PBXContainerItemProxy */ = {
			isa = PBXContainerItemProxy;
			containerPortal = 7FBD337C211F78CA00295C4F /* Project object */;
			proxyType = 1;
			remoteGlobalIDString = 7FBD3383211F78CB00295C4F;
			remoteInfo = FlappyBird;
		};
/* End PBXContainerItemProxy section */

/* Begin PBXFileReference section */
		7FBD3384211F78CB00295C4F /* FlappyBird.app */ = {isa = PBXFileReference; explicitFileType = wrapper.application; includeInIndex = 0; path = FlappyBird.app; sourceTree = BUILT_PRODUCTS_DIR; };
		7FBD3387211F78CB00295C4F /* AppDelegate.swift */ = {isa = PBXFileReference; lastKnownFileType = sourcecode.swift; path = AppDelegate.swift; sourceTree = "<group>"; };
		7FBD3389211F78CB00295C4F /* GameScene.sks */ = {isa = PBXFileReference; lastKnownFileType = file.sks; path = GameScene.sks; sourceTree = "<group>"; };
		7FBD338B211F78CB00295C4F /* Actions.sks */ = {isa = PBXFileReference; lastKnownFileType = file.sks; path = Actions.sks; sourceTree = "<group>"; };
		7FBD338D211F78CB00295C4F /* GameScene.swift */ = {isa = PBXFileReference; lastKnownFileType = sourcecode.swift; path = GameScene.swift; sourceTree = "<group>"; };
		7FBD338F211F78CB00295C4F /* GameViewController.swift */ = {isa = PBXFileReference; lastKnownFileType = sourcecode.swift; path = GameViewController.swift; sourceTree = "<group>"; };
		7FBD3392211F78CB00295C4F /* Base */ = {isa = PBXFileReference; lastKnownFileType = file.storyboard; name = Base; path = Base.lproj/Main.storyboard; sourceTree = "<group>"; };
		7FBD3394211F78CF00295C4F /* Assets.xcassets */ = {isa = PBXFileReference; lastKnownFileType = folder.assetcatalog; path = Assets.xcassets; sourceTree = "<group>"; };
		7FBD3397211F78CF00295C4F /* Base */ = {isa = PBXFileReference; lastKnownFileType = file.storyboard; name = Base; path = Base.lproj/LaunchScreen.storyboard; sourceTree = "<group>"; };
		7FBD3399211F78CF00295C4F /* Info.plist */ = {isa = PBXFileReference; lastKnownFileType = text.plist.xml; path = Info.plist; sourceTree = "<group>"; };
		7FBD339E211F78CF00295C4F /* FlappyBirdTests.xctest */ = {isa = PBXFileReference; explicitFileType = wrapper.cfbundle; includeInIndex = 0; path = FlappyBirdTests.xctest; sourceTree = BUILT_PRODUCTS_DIR; };
		7FBD33A2211F78CF00295C4F /* FlappyBirdTests.swift */ = {isa = PBXFileReference; lastKnownFileType = sourcecode.swift; path = FlappyBirdTests.swift; sourceTree = "<group>"; };
		7FBD33A4211F78CF00295C4F /* Info.plist */ = {isa = PBXFileReference; lastKnownFileType = text.plist.xml; path = Info.plist; sourceTree = "<group>"; };
		7FBD33A9211F78CF00295C4F /* FlappyBirdUITests.xctest */ = {isa = PBXFileReference; explicitFileType = wrapper.cfbundle; includeInIndex = 0; path = FlappyBirdUITests.xctest; sourceTree = BUILT_PRODUCTS_DIR; };
		7FBD33AD211F78CF00295C4F /* FlappyBirdUITests.swift */ = {isa = PBXFileReference; lastKnownFileType = sourcecode.swift; path = FlappyBirdUITests.swift; sourceTree = "<group>"; };
		7FBD33AF211F78CF00295C4F /* Info.plist */ = {isa = PBXFileReference; lastKnownFileType = text.plist.xml; path = Info.plist; sourceTree = "<group>"; };
/* End PBXFileReference section */

/* Begin PBXFrameworksBuildPhase section */
		7FBD3381211F78CB00295C4F /* Frameworks */ = {
			isa = PBXFrameworksBuildPhase;
			buildActionMask = 2147483647;
			files = (
			);
			runOnlyForDeploymentPostprocessing = 0;
		};
		7FBD339B211F78CF00295C4F /* Frameworks */ = {
			isa = PBXFrameworksBuildPhase;
			buildActionMask = 2147483647;
			files = (
			);
			runOnlyForDeploymentPostprocessing = 0;
		};
		7FBD33A6211F78CF00295C4F /* Frameworks */ = {
			isa = PBXFrameworksBuildPhase;
			buildActionMask = 2147483647;
			files = (
			);
			runOnlyForDeploymentPostprocessing = 0;
		};
/* End PBXFrameworksBuildPhase section */

/* Begin PBXGroup section */
		7FBD337B211F78CA00295C4F = {
			isa = PBXGroup;
			children = (
				7FBD3386211F78CB00295C4F /* FlappyBird */,
				7FBD33A1211F78CF00295C4F /* FlappyBirdTests */,
				7FBD33AC211F78CF00295C4F /* FlappyBirdUITests */,
				7FBD3385211F78CB00295C4F /* Products */,
			);
			sourceTree = "<group>";
		};
		7FBD3385211F78CB00295C4F /* Products */ = {
			isa = PBXGroup;
			children = (
				7FBD3384211F78CB00295C4F /* FlappyBird.app */,
				7FBD339E211F78CF00295C4F /* FlappyBirdTests.xctest */,
				7FBD33A9211F78CF00295C4F /* FlappyBirdUITests.xctest */,
			);
			name = Products;
			sourceTree = "<group>";
		};
		7FBD3386211F78CB00295C4F /* FlappyBird */ = {
			isa = PBXGroup;
			children = (
				7FBD3387211F78CB00295C4F /* AppDelegate.swift */,
				7FBD3389211F78CB00295C4F /* GameScene.sks */,
				7FBD338B211F78CB00295C4F /* Actions.sks */,
				7FBD338D211F78CB00295C4F /* GameScene.swift */,
				7FBD338F211F78CB00295C4F /* GameViewController.swift */,
				7FBD3391211F78CB00295C4F /* Main.storyboard */,
				7FBD3394211F78CF00295C4F /* Assets.xcassets */,
				7FBD3396211F78CF00295C4F /* LaunchScreen.storyboard */,
				7FBD3399211F78CF00295C4F /* Info.plist */,
			);
			path = FlappyBird;
			sourceTree = "<group>";
		};
		7FBD33A1211F78CF00295C4F /* FlappyBirdTests */ = {
			isa = PBXGroup;
			children = (
				7FBD33A2211F78CF00295C4F /* FlappyBirdTests.swift */,
				7FBD33A4211F78CF00295C4F /* Info.plist */,
			);
			path = FlappyBirdTests;
			sourceTree = "<group>";
		};
		7FBD33AC211F78CF00295C4F /* FlappyBirdUITests */ = {
			isa = PBXGroup;
			children = (
				7FBD33AD211F78CF00295C4F /* FlappyBirdUITests.swift */,
				7FBD33AF211F78CF00295C4F /* Info.plist */,
			);
			path = FlappyBirdUITests;
			sourceTree = "<group>";
		};
/* End PBXGroup section */

/* Begin PBXNativeTarget section */
		7FBD3383211F78CB00295C4F /* FlappyBird */ = {
			isa = PBXNativeTarget;
			buildConfigurationList = 7FBD33B2211F78CF00295C4F /* Build configuration list for PBXNativeTarget "FlappyBird" */;
			buildPhases = (
				7FBD3380211F78CB00295C4F /* Sources */,
				7FBD3381211F78CB00295C4F /* Frameworks */,
				7FBD3382211F78CB00295C4F /* Resources */,
			);
			buildRules = (
			);
			dependencies = (
			);
			name = FlappyBird;
			productName = FlappyBird;
			productReference = 7FBD3384211F78CB00295C4F /* FlappyBird.app */;
			productType = "com.apple.product-type.application";
		};
		7FBD339D211F78CF00295C4F /* FlappyBirdTests */ = {
			isa = PBXNativeTarget;
			buildConfigurationList = 7FBD33B5211F78CF00295C4F /* Build configuration list for PBXNativeTarget "FlappyBirdTests" */;
			buildPhases = (
				7FBD339A211F78CF00295C4F /* Sources */,
				7FBD339B211F78CF00295C4F /* Frameworks */,
				7FBD339C211F78CF00295C4F /* Resources */,
			);
			buildRules = (
			);
			dependencies = (
				7FBD33A0211F78CF00295C4F /* PBXTargetDependency */,
			);
			name = FlappyBirdTests;
			productName = FlappyBirdTests;
			productReference = 7FBD339E211F78CF00295C4F /* FlappyBirdTests.xctest */;
			productType = "com.apple.product-type.bundle.unit-test";
		};
		7FBD33A8211F78CF00295C4F /* FlappyBirdUITests */ = {
			isa = PBXNativeTarget;
			buildConfigurationList = 7FBD33B8211F78CF00295C4F /* Build configuration list for PBXNativeTarget "FlappyBirdUITests" */;
			buildPhases = (
				7FBD33A5211F78CF00295C4F /* Sources */,
				7FBD33A6211F78CF00295C4F /* Frameworks */,
				7FBD33A7211F78CF00295C4F /* Resources */,
			);
			buildRules = (
			);
			dependencies = (
				7FBD33AB211F78CF00295C4F /* PBXTargetDependency */,
			);
			name = FlappyBirdUITests;
			productName = FlappyBirdUITests;
			productReference = 7FBD33A9211F78CF00295C4F /* FlappyBirdUITests.xctest */;
			productType = "com.apple.product-type.bundle.ui-testing";
		};
/* End PBXNativeTarget section */

/* Begin PBXProject section */
		7FBD337C211F78CA00295C4F /* Project object */ = {
			isa = PBXProject;
			attributes = {
				LastSwiftUpdateCheck = 0940;
				LastUpgradeCheck = 0940;
				ORGANIZATIONNAME = "Dong fenfang";
				TargetAttributes = {
					7FBD3383211F78CB00295C4F = {
						CreatedOnToolsVersion = 9.4.1;
					};
					7FBD339D211F78CF00295C4F = {
						CreatedOnToolsVersion = 9.4.1;
						TestTargetID = 7FBD3383211F78CB00295C4F;
					};
					7FBD33A8211F78CF00295C4F = {
						CreatedOnToolsVersion = 9.4.1;
						TestTargetID = 7FBD3383211F78CB00295C4F;
					};
				};
			};
			buildConfigurationList = 7FBD337F211F78CA00295C4F /* Build configuration list for PBXProject "FlappyBird" */;
			compatibilityVersion = "Xcode 9.3";
			developmentRegion = en;
			hasScannedForEncodings = 0;
			knownRegions = (
				en,
				Base,
			);
			mainGroup = 7FBD337B211F78CA00295C4F;
			productRefGroup = 7FBD3385211F78CB00295C4F /* Products */;
			projectDirPath = "";
			projectRoot = "";
			targets = (
				7FBD3383211F78CB00295C4F /* FlappyBird */,
				7FBD339D211F78CF00295C4F /* FlappyBirdTests */,
				7FBD33A8211F78CF00295C4F /* FlappyBirdUITests */,
			);
		};
/* End PBXProject section */

/* Begin PBXResourcesBuildPhase section */
		7FBD3382211F78CB00295C4F /* Resources */ = {
			isa = PBXResourcesBuildPhase;
			buildActionMask = 2147483647;
			files = (
				7FBD3393211F78CB00295C4F /* Main.storyboard in Resources */,
				7FBD338A211F78CB00295C4F /* GameScene.sks in Resources */,
				7FBD3395211F78CF00295C4F /* Assets.xcassets in Resources */,
				7FBD3398211F78CF00295C4F /* LaunchScreen.storyboard in Resources */,
				7FBD338C211F78CB00295C4F /* Actions.sks in Resources */,
			);
			runOnlyForDeploymentPostprocessing = 0;
		};
		7FBD339C211F78CF00295C4F /* Resources */ = {
			isa = PBXResourcesBuildPhase;
			buildActionMask = 2147483647;
			files = (
			);
			runOnlyForDeploymentPostprocessing = 0;
		};
		7FBD33A7211F78CF00295C4F /* Resources */ = {
			isa = PBXResourcesBuildPhase;
			buildActionMask = 2147483647;
			files = (
			);
			runOnlyForDeploymentPostprocessing = 0;
		};
/* End PBXResourcesBuildPhase section */

/* Begin PBXSourcesBuildPhase section */
		7FBD3380211F78CB00295C4F /* Sources */ = {
			isa = PBXSourcesBuildPhase;
			buildActionMask = 2147483647;
			files = (
				7FBD338E211F78CB00295C4F /* GameScene.swift in Sources */,
				7FBD3390211F78CB00295C4F /* GameViewController.swift in Sources */,
				7FBD3388211F78CB00295C4F /* AppDelegate.swift in Sources */,
			);
			runOnlyForDeploymentPostprocessing = 0;
		};
		7FBD339A211F78CF00295C4F /* Sources */ = {
			isa = PBXSourcesBuildPhase;
			buildActionMask = 2147483647;
			files = (
				7FBD33A3211F78CF00295C4F /* FlappyBirdTests.swift in Sources */,
			);
			runOnlyForDeploymentPostprocessing = 0;
		};
		7FBD33A5211F78CF00295C4F /* Sources */ = {
			isa = PBXSourcesBuildPhase;
			buildActionMask = 2147483647;
			files = (
				7FBD33AE211F78CF00295C4F /* FlappyBirdUITests.swift in Sources */,
			);
			runOnlyForDeploymentPostprocessing = 0;
		};
/* End PBXSourcesBuildPhase section */

/* Begin PBXTargetDependency section */
		7FBD33A0211F78CF00295C4F /* PBXTargetDependency */ = {
			isa = PBXTargetDependency;
			target = 7FBD3383211F78CB00295C4F /* FlappyBird */;
			targetProxy = 7FBD339F211F78CF00295C4F /* PBXContainerItemProxy */;
		};
		7FBD33AB211F78CF00295C4F /* PBXTargetDependency */ = {
			isa = PBXTargetDependency;
			target = 7FBD3383211F78CB00295C4F /* FlappyBird */;
			targetProxy = 7FBD33AA211F78CF00295C4F /* PBXContainerItemProxy */;
		};
/* End PBXTargetDependency section */

/* Begin PBXVariantGroup section */
		7FBD3391211F78CB00295C4F /* Main.storyboard */ = {
			isa = PBXVariantGroup;
			children = (
				7FBD3392211F78CB00295C4F /* Base */,
			);
			name = Main.storyboard;
			sourceTree = "<group>";
		};
		7FBD3396211F78CF00295C4F /* LaunchScreen.storyboard */ = {
			isa = PBXVariantGroup;
			children = (
				7FBD3397211F78CF00295C4F /* Base */,
			);
			name = LaunchScreen.storyboard;
			sourceTree = "<group>";
		};
/* End PBXVariantGroup section */

/* Begin XCBuildConfiguration section */
		7FBD33B0211F78CF00295C4F /* Debug */ = {
			isa = XCBuildConfiguration;
			buildSettings = {
				ALWAYS_SEARCH_USER_PATHS = NO;
				CLANG_ANALYZER_NONNULL = YES;
				CLANG_ANALYZER_NUMBER_OBJECT_CONVERSION = YES_AGGRESSIVE;
				CLANG_CXX_LANGUAGE_STANDARD = "gnu++14";
				CLANG_CXX_LIBRARY = "libc++";
				CLANG_ENABLE_MODULES = YES;
				CLANG_ENABLE_OBJC_ARC = YES;
				CLANG_ENABLE_OBJC_WEAK = YES;
				CLANG_WARN_BLOCK_CAPTURE_AUTORELEASING = YES;
				CLANG_WARN_BOOL_CONVERSION = YES;
				CLANG_WARN_COMMA = YES;
				CLANG_WARN_CONSTANT_CONVERSION = YES;
				CLANG_WARN_DEPRECATED_OBJC_IMPLEMENTATIONS = YES;
				CLANG_WARN_DIRECT_OBJC_ISA_USAGE = YES_ERROR;
				CLANG_WARN_DOCUMENTATION_COMMENTS = YES;
				CLANG_WARN_EMPTY_BODY = YES;
				CLANG_WARN_ENUM_CONVERSION = YES;
				CLANG_WARN_INFINITE_RECURSION = YES;
				CLANG_WARN_INT_CONVERSION = YES;
				CLANG_WARN_NON_LITERAL_NULL_CONVERSION = YES;
				CLANG_WARN_OBJC_IMPLICIT_RETAIN_SELF = YES;
				CLANG_WARN_OBJC_LITERAL_CONVERSION = YES;
				CLANG_WARN_OBJC_ROOT_CLASS = YES_ERROR;
				CLANG_WARN_RANGE_LOOP_ANALYSIS = YES;
				CLANG_WARN_STRICT_PROTOTYPES = YES;
				CLANG_WARN_SUSPICIOUS_MOVE = YES;
				CLANG_WARN_UNGUARDED_AVAILABILITY = YES_AGGRESSIVE;
				CLANG_WARN_UNREACHABLE_CODE = YES;
				CLANG_WARN__DUPLICATE_METHOD_MATCH = YES;
				CODE_SIGN_IDENTITY = "iPhone Developer";
				COPY_PHASE_STRIP = NO;
				DEBUG_INFORMATION_FORMAT = dwarf;
				ENABLE_STRICT_OBJC_MSGSEND = YES;
				ENABLE_TESTABILITY = YES;
				GCC_C_LANGUAGE_STANDARD = gnu11;
				GCC_DYNAMIC_NO_PIC = NO;
				GCC_NO_COMMON_BLOCKS = YES;
				GCC_OPTIMIZATION_LEVEL = 0;
				GCC_PREPROCESSOR_DEFINITIONS = (
					"DEBUG=1",
					"$(inherited)",
				);
				GCC_WARN_64_TO_32_BIT_CONVERSION = YES;
				GCC_WARN_ABOUT_RETURN_TYPE = YES_ERROR;
				GCC_WARN_UNDECLARED_SELECTOR = YES;
				GCC_WARN_UNINITIALIZED_AUTOS = YES_AGGRESSIVE;
				GCC_WARN_UNUSED_FUNCTION = YES;
				GCC_WARN_UNUSED_VARIABLE = YES;
				IPHONEOS_DEPLOYMENT_TARGET = 11.4;
				MTL_ENABLE_DEBUG_INFO = YES;
				ONLY_ACTIVE_ARCH = YES;
				SDKROOT = iphoneos;
				SWIFT_ACTIVE_COMPILATION_CONDITIONS = DEBUG;
				SWIFT_OPTIMIZATION_LEVEL = "-Onone";
			};
			name = Debug;
		};
		7FBD33B1211F78CF00295C4F /* Release */ = {
			isa = XCBuildConfiguration;
			buildSettings = {
				ALWAYS_SEARCH_USER_PATHS = NO;
				CLANG_ANALYZER_NONNULL = YES;
				CLANG_ANALYZER_NUMBER_OBJECT_CONVERSION = YES_AGGRESSIVE;
				CLANG_CXX_LANGUAGE_STANDARD = "gnu++14";
				CLANG_CXX_LIBRARY = "libc++";
				CLANG_ENABLE_MODULES = YES;
				CLANG_ENABLE_OBJC_ARC = YES;
				CLANG_ENABLE_OBJC_WEAK = YES;
				CLANG_WARN_BLOCK_CAPTURE_AUTORELEASING = YES;
				CLANG_WARN_BOOL_CONVERSION = YES;
				CLANG_WARN_COMMA = YES;
				CLANG_WARN_CONSTANT_CONVERSION = YES;
				CLANG_WARN_DEPRECATED_OBJC_IMPLEMENTATIONS = YES;
				CLANG_WARN_DIRECT_OBJC_ISA_USAGE = YES_ERROR;
				CLANG_WARN_DOCUMENTATION_COMMENTS = YES;
				CLANG_WARN_EMPTY_BODY = YES;
				CLANG_WARN_ENUM_CONVERSION = YES;
				CLANG_WARN_INFINITE_RECURSION = YES;
				CLANG_WARN_INT_CONVERSION = YES;
				CLANG_WARN_NON_LITERAL_NULL_CONVERSION = YES;
				CLANG_WARN_OBJC_IMPLICIT_RETAIN_SELF = YES;
				CLANG_WARN_OBJC_LITERAL_CONVERSION = YES;
				CLANG_WARN_OBJC_ROOT_CLASS = YES_ERROR;
				CLANG_WARN_RANGE_LOOP_ANALYSIS = YES;
				CLANG_WARN_STRICT_PROTOTYPES = YES;
				CLANG_WARN_SUSPICIOUS_MOVE = YES;
				CLANG_WARN_UNGUARDED_AVAILABILITY = YES_AGGRESSIVE;
				CLANG_WARN_UNREACHABLE_CODE = YES;
				CLANG_WARN__DUPLICATE_METHOD_MATCH = YES;
				CODE_SIGN_IDENTITY = "iPhone Developer";
				COPY_PHASE_STRIP = NO;
				DEBUG_INFORMATION_FORMAT = "dwarf-with-dsym";
				ENABLE_NS_ASSERTIONS = NO;
				ENABLE_STRICT_OBJC_MSGSEND = YES;
				GCC_C_LANGUAGE_STANDARD = gnu11;
				GCC_NO_COMMON_BLOCKS = YES;
				GCC_WARN_64_TO_32_BIT_CONVERSION = YES;
				GCC_WARN_ABOUT_RETURN_TYPE = YES_ERROR;
				GCC_WARN_UNDECLARED_SELECTOR = YES;
				GCC_WARN_UNINITIALIZED_AUTOS = YES_AGGRESSIVE;
				GCC_WARN_UNUSED_FUNCTION = YES;
				GCC_WARN_UNUSED_VARIABLE = YES;
				IPHONEOS_DEPLOYMENT_TARGET = 11.4;
				MTL_ENABLE_DEBUG_INFO = NO;
				SDKROOT = iphoneos;
				SWIFT_COMPILATION_MODE = wholemodule;
				SWIFT_OPTIMIZATION_LEVEL = "-O";
				VALIDATE_PRODUCT = YES;
			};
			name = Release;
		};
		7FBD33B3211F78CF00295C4F /* Debug */ = {
			isa = XCBuildConfiguration;
			buildSettings = {
				ASSETCATALOG_COMPILER_APPICON_NAME = AppIcon;
				CODE_SIGN_STYLE = Automatic;
				INFOPLIST_FILE = FlappyBird/Info.plist;
				LD_RUNPATH_SEARCH_PATHS = (
					"$(inherited)",
					"@executable_path/Frameworks",
				);
				PRODUCT_BUNDLE_IDENTIFIER = fen.FlappyBird;
				PRODUCT_NAME = "$(TARGET_NAME)";
				SWIFT_VERSION = 4.0;
				TARGETED_DEVICE_FAMILY = "1,2";
			};
			name = Debug;
		};
		7FBD33B4211F78CF00295C4F /* Release */ = {
			isa = XCBuildConfiguration;
			buildSettings = {
				ASSETCATALOG_COMPILER_APPICON_NAME = AppIcon;
				CODE_SIGN_STYLE = Automatic;
				INFOPLIST_FILE = FlappyBird/Info.plist;
				LD_RUNPATH_SEARCH_PATHS = (
					"$(inherited)",
					"@executable_path/Frameworks",
				);
				PRODUCT_BUNDLE_IDENTIFIER = fen.FlappyBird;
				PRODUCT_NAME = "$(TARGET_NAME)";
				SWIFT_VERSION = 4.0;
				TARGETED_DEVICE_FAMILY = "1,2";
			};
			name = Release;
		};
		7FBD33B6211F78CF00295C4F /* Debug */ = {
			isa = XCBuildConfiguration;
			buildSettings = {
				ALWAYS_EMBED_SWIFT_STANDARD_LIBRARIES = YES;
				BUNDLE_LOADER = "$(TEST_HOST)";
				CODE_SIGN_STYLE = Automatic;
				INFOPLIST_FILE = FlappyBirdTests/Info.plist;
				LD_RUNPATH_SEARCH_PATHS = (
					"$(inherited)",
					"@executable_path/Frameworks",
					"@loader_path/Frameworks",
				);
				PRODUCT_BUNDLE_IDENTIFIER = fen.FlappyBirdTests;
				PRODUCT_NAME = "$(TARGET_NAME)";
				SWIFT_VERSION = 4.0;
				TARGETED_DEVICE_FAMILY = "1,2";
				TEST_HOST = "$(BUILT_PRODUCTS_DIR)/FlappyBird.app/FlappyBird";
			};
			name = Debug;
		};
		7FBD33B7211F78CF00295C4F /* Release */ = {
			isa = XCBuildConfiguration;
			buildSettings = {
				ALWAYS_EMBED_SWIFT_STANDARD_LIBRARIES = YES;
				BUNDLE_LOADER = "$(TEST_HOST)";
				CODE_SIGN_STYLE = Automatic;
				INFOPLIST_FILE = FlappyBirdTests/Info.plist;
				LD_RUNPATH_SEARCH_PATHS = (
					"$(inherited)",
					"@executable_path/Frameworks",
					"@loader_path/Frameworks",
				);
				PRODUCT_BUNDLE_IDENTIFIER = fen.FlappyBirdTests;
				PRODUCT_NAME = "$(TARGET_NAME)";
				SWIFT_VERSION = 4.0;
				TARGETED_DEVICE_FAMILY = "1,2";
				TEST_HOST = "$(BUILT_PRODUCTS_DIR)/FlappyBird.app/FlappyBird";
			};
			name = Release;
		};
		7FBD33B9211F78CF00295C4F /* Debug */ = {
			isa = XCBuildConfiguration;
			buildSettings = {
				ALWAYS_EMBED_SWIFT_STANDARD_LIBRARIES = YES;
				CODE_SIGN_STYLE = Automatic;
				INFOPLIST_FILE = FlappyBirdUITests/Info.plist;
				LD_RUNPATH_SEARCH_PATHS = (
					"$(inherited)",
					"@executable_path/Frameworks",
					"@loader_path/Frameworks",
				);
				PRODUCT_BUNDLE_IDENTIFIER = fen.FlappyBirdUITests;
				PRODUCT_NAME = "$(TARGET_NAME)";
				SWIFT_VERSION = 4.0;
				TARGETED_DEVICE_FAMILY = "1,2";
				TEST_TARGET_NAME = FlappyBird;
			};
			name = Debug;
		};
		7FBD33BA211F78CF00295C4F /* Release */ = {
			isa = XCBuildConfiguration;
			buildSettings = {
				ALWAYS_EMBED_SWIFT_STANDARD_LIBRARIES = YES;
				CODE_SIGN_STYLE = Automatic;
				INFOPLIST_FILE = FlappyBirdUITests/Info.plist;
				LD_RUNPATH_SEARCH_PATHS = (
					"$(inherited)",
					"@executable_path/Frameworks",
					"@loader_path/Frameworks",
				);
				PRODUCT_BUNDLE_IDENTIFIER = fen.FlappyBirdUITests;
				PRODUCT_NAME = "$(TARGET_NAME)";
				SWIFT_VERSION = 4.0;
				TARGETED_DEVICE_FAMILY = "1,2";
				TEST_TARGET_NAME = FlappyBird;
			};
			name = Release;
		};
/* End XCBuildConfiguration section */

/* Begin XCConfigurationList section */
		7FBD337F211F78CA00295C4F /* Build configuration list for PBXProject "FlappyBird" */ = {
			isa = XCConfigurationList;
			buildConfigurations = (
				7FBD33B0211F78CF00295C4F /* Debug */,
				7FBD33B1211F78CF00295C4F /* Release */,
			);
			defaultConfigurationIsVisible = 0;
			defaultConfigurationName = Release;
		};
		7FBD33B2211F78CF00295C4F /* Build configuration list for PBXNativeTarget "FlappyBird" */ = {
			isa = XCConfigurationList;
			buildConfigurations = (
				7FBD33B3211F78CF00295C4F /* Debug */,
				7FBD33B4211F78CF00295C4F /* Release */,
			);
			defaultConfigurationIsVisible = 0;
			defaultConfigurationName = Release;
		};
		7FBD33B5211F78CF00295C4F /* Build configuration list for PBXNativeTarget "FlappyBirdTests" */ = {
			isa = XCConfigurationList;
			buildConfigurations = (
				7FBD33B6211F78CF00295C4F /* Debug */,
				7FBD33B7211F78CF00295C4F /* Release */,
			);
			defaultConfigurationIsVisible = 0;
			defaultConfigurationName = Release;
		};
		7FBD33B8211F78CF00295C4F /* Build configuration list for PBXNativeTarget "FlappyBirdUITests" */ = {
			isa = XCConfigurationList;
			buildConfigurations = (
				7FBD33B9211F78CF00295C4F /* Debug */,
				7FBD33BA211F78CF00295C4F /* Release */,
			);
			defaultConfigurationIsVisible = 0;
			defaultConfigurationName = Release;
		};
/* End XCConfigurationList section */
	};
	rootObject = 7FBD337C211F78CA00295C4F /* Project object */;
}
